// !$*UTF8*$!
{
	archiveVersion = 1;
	classes = {
	};
	objectVersion = 77;
	objects = {

/* Begin PBXBuildFile section */
		BC0D63682DE32D3A007B1544 /* RxCocoa-Dynamic in Embed Frameworks */ = {isa = PBXBuildFile; productRef = BC8EDCCB2DE23CD100CCC92B /* RxCocoa-Dynamic */; settings = {ATTRIBUTES = (CodeSignOnCopy, ); }; };
		BC0D63692DE32D3B007B1544 /* RxBlocking-Dynamic in Embed Frameworks */ = {isa = PBXBuildFile; productRef = BC8EDCC72DE23CD100CCC92B /* RxBlocking-Dynamic */; settings = {ATTRIBUTES = (CodeSignOnCopy, ); }; };
		BC0D636B2DE33A46007B1544 /* ServiceOperation.swift in Sources */ = {isa = PBXBuildFile; fileRef = BC0D636A2DE33A46007B1544 /* ServiceOperation.swift */; };
		BC0D636E2DE34331007B1544 /* UsersViewModel.swift in Sources */ = {isa = PBXBuildFile; fileRef = BC0D636D2DE34331007B1544 /* UsersViewModel.swift */; };
		BC0D63702DE34374007B1544 /* StatisticsViewModel.swift in Sources */ = {isa = PBXBuildFile; fileRef = BC0D636F2DE34374007B1544 /* StatisticsViewModel.swift */; };
		BC0D63732DE346AF007B1544 /* HomeViewModel.swift in Sources */ = {isa = PBXBuildFile; fileRef = BC0D63722DE346A9007B1544 /* HomeViewModel.swift */; };
		BC0D63762DE38B97007B1544 /* CustomTitleLabel.swift in Sources */ = {isa = PBXBuildFile; fileRef = BC0D63752DE38B97007B1544 /* CustomTitleLabel.swift */; };
		BC0D637A2DE38BF7007B1544 /* UIFont.swift in Sources */ = {isa = PBXBuildFile; fileRef = BC0D63792DE38BF0007B1544 /* UIFont.swift */; };
		BC0D637D2DE38F57007B1544 /* VisitorsSection.swift in Sources */ = {isa = PBXBuildFile; fileRef = BC0D637C2DE38F57007B1544 /* VisitorsSection.swift */; };
		BC0D637F2DE407D9007B1544 /* StatsView.swift in Sources */ = {isa = PBXBuildFile; fileRef = BC0D637E2DE407D9007B1544 /* StatsView.swift */; };
		BC0D63812DE41D2B007B1544 /* CGFloat.swift in Sources */ = {isa = PBXBuildFile; fileRef = BC0D63802DE41D26007B1544 /* CGFloat.swift */; };
		BC0D63832DE439FE007B1544 /* TagButton.swift in Sources */ = {isa = PBXBuildFile; fileRef = BC0D63822DE439FE007B1544 /* TagButton.swift */; };
		BC0D63852DE43A17007B1544 /* TagsScrollView.swift in Sources */ = {isa = PBXBuildFile; fileRef = BC0D63842DE43A17007B1544 /* TagsScrollView.swift */; };
		BC0D63872DE44E2A007B1544 /* ActivityTrendChartView.swift in Sources */ = {isa = PBXBuildFile; fileRef = BC0D63862DE44E2A007B1544 /* ActivityTrendChartView.swift */; };
		BC0D63892DE46E0B007B1544 /* ChartDateFormatter.swift in Sources */ = {isa = PBXBuildFile; fileRef = BC0D63882DE46E0B007B1544 /* ChartDateFormatter.swift */; };
		BC0D638B2DE46E22007B1544 /* ChartData.swift in Sources */ = {isa = PBXBuildFile; fileRef = BC0D638A2DE46E22007B1544 /* ChartData.swift */; };
		BC0D638E2DE473F8007B1544 /* AvatarImageView.swift in Sources */ = {isa = PBXBuildFile; fileRef = BC0D638D2DE473F8007B1544 /* AvatarImageView.swift */; };
		BC0D63902DE474E4007B1544 /* UserCell.swift in Sources */ = {isa = PBXBuildFile; fileRef = BC0D638F2DE474E4007B1544 /* UserCell.swift */; };
		BC0D63922DE4782D007B1544 /* FrequentVisitorsSection.swift in Sources */ = {isa = PBXBuildFile; fileRef = BC0D63912DE4782D007B1544 /* FrequentVisitorsSection.swift */; };
		BC0D63942DE495ED007B1544 /* DemographicSection.swift in Sources */ = {isa = PBXBuildFile; fileRef = BC0D63932DE495EA007B1544 /* DemographicSection.swift */; };
		BC0D63972DE49908007B1544 /* GenderPieChartView.swift in Sources */ = {isa = PBXBuildFile; fileRef = BC0D63962DE49908007B1544 /* GenderPieChartView.swift */; };
		BC0D639A2DE4BEB9007B1544 /* DemographicChartView.swift in Sources */ = {isa = PBXBuildFile; fileRef = BC0D63992DE4BEB9007B1544 /* DemographicChartView.swift */; };
		BC0D639C2DE4DF7E007B1544 /* HorizontalProgressView.swift in Sources */ = {isa = PBXBuildFile; fileRef = BC0D639B2DE4DF7E007B1544 /* HorizontalProgressView.swift */; };
		BC0D639E2DE5B864007B1544 /* DemographicStats.swift in Sources */ = {isa = PBXBuildFile; fileRef = BC0D639D2DE5B842007B1544 /* DemographicStats.swift */; };
		BC0D63A02DE5E972007B1544 /* SubscribersSection.swift in Sources */ = {isa = PBXBuildFile; fileRef = BC0D639F2DE5E96C007B1544 /* SubscribersSection.swift */; };
		BC0D63A22DE60E78007B1544 /* Sex.swift in Sources */ = {isa = PBXBuildFile; fileRef = BC0D63A12DE60E78007B1544 /* Sex.swift */; };
		BC0D63A42DE6FF27007B1544 /* ImageNetworkService.swift in Sources */ = {isa = PBXBuildFile; fileRef = BC0D63A32DE6FF19007B1544 /* ImageNetworkService.swift */; };
		BC0D63A62DE70F8E007B1544 /* Error.swift in Sources */ = {isa = PBXBuildFile; fileRef = BC0D63A52DE70F8B007B1544 /* Error.swift */; };
		BC0D63A82DE7274B007B1544 /* GendersValue.swift in Sources */ = {isa = PBXBuildFile; fileRef = BC0D63A72DE7274B007B1544 /* GendersValue.swift */; };
		BC0D63AA2DE72762007B1544 /* Grade.swift in Sources */ = {isa = PBXBuildFile; fileRef = BC0D63A92DE72762007B1544 /* Grade.swift */; };
		BC0D63AC2DE78157007B1544 /* UserDTO.swift in Sources */ = {isa = PBXBuildFile; fileRef = BC0D63AB2DE78157007B1544 /* UserDTO.swift */; };
		BC0D63AE2DE78232007B1544 /* StatisticType.swift in Sources */ = {isa = PBXBuildFile; fileRef = BC0D63AD2DE78232007B1544 /* StatisticType.swift */; };
		BC0D63B02DE78289007B1544 /* UserStatDTO.swift in Sources */ = {isa = PBXBuildFile; fileRef = BC0D63AF2DE78289007B1544 /* UserStatDTO.swift */; };
		BC0D63B52DE78401007B1544 /* UserFileDTO.swift in Sources */ = {isa = PBXBuildFile; fileRef = BC0D63B42DE78401007B1544 /* UserFileDTO.swift */; };
		BC3F6EEE2DE191E200580363 /* AppDelegate.swift in Sources */ = {isa = PBXBuildFile; fileRef = BC3F6EE42DE191E200580363 /* AppDelegate.swift */; };
		BC3F6EEF2DE191E200580363 /* SceneDelegate.swift in Sources */ = {isa = PBXBuildFile; fileRef = BC3F6EEB2DE191E200580363 /* SceneDelegate.swift */; };
		BC3F6EF02DE191E200580363 /* HomeViewController.swift in Sources */ = {isa = PBXBuildFile; fileRef = BC3F6EEC2DE191E200580363 /* HomeViewController.swift */; };
		BC3F6EF12DE191E200580363 /* Assets.xcassets in Resources */ = {isa = PBXBuildFile; fileRef = BC3F6EE52DE191E200580363 /* Assets.xcassets */; };
		BC3F6EF32DE191E200580363 /* LaunchScreen.storyboard in Resources */ = {isa = PBXBuildFile; fileRef = BC3F6EE82DE191E200580363 /* LaunchScreen.storyboard */; };
		BC3F6EF92DE1998800580363 /* DGChartsDynamic in Frameworks */ = {isa = PBXBuildFile; productRef = BC3F6EF82DE1998800580363 /* DGChartsDynamic */; };
		BC3F6EFA2DE19B6500580363 /* DGChartsDynamic in Embed Frameworks */ = {isa = PBXBuildFile; productRef = BC3F6EF82DE1998800580363 /* DGChartsDynamic */; settings = {ATTRIBUTES = (CodeSignOnCopy, ); }; };
		BC3F6F002DE19E2900580363 /* RealmSwift in Frameworks */ = {isa = PBXBuildFile; productRef = BC3F6EFF2DE19E2900580363 /* RealmSwift */; };
		BC3F6F022DE19E3E00580363 /* RealmSwift in Embed Frameworks */ = {isa = PBXBuildFile; productRef = BC3F6EFF2DE19E2900580363 /* RealmSwift */; settings = {ATTRIBUTES = (CodeSignOnCopy, ); }; };
		BC8EDCB82DE1F87200CCC92B /* StatListDTO.swift in Sources */ = {isa = PBXBuildFile; fileRef = BC8EDCB72DE1F87200CCC92B /* StatListDTO.swift */; };
		BC8EDCBA2DE1F8BE00CCC92B /* UserStatRLM.swift in Sources */ = {isa = PBXBuildFile; fileRef = BC8EDCB92DE1F8BE00CCC92B /* UserStatRLM.swift */; };
		BC8EDCBF2DE216BE00CCC92B /* UsersRealmService.swift in Sources */ = {isa = PBXBuildFile; fileRef = BC8EDCBE2DE216BE00CCC92B /* UsersRealmService.swift */; };
		BC8EDCC32DE238E900CCC92B /* StatisticsRealmService.swift in Sources */ = {isa = PBXBuildFile; fileRef = BC8EDCC22DE238E900CCC92B /* StatisticsRealmService.swift */; };
		BC8EDCC82DE23CD100CCC92B /* RxBlocking-Dynamic in Frameworks */ = {isa = PBXBuildFile; productRef = BC8EDCC72DE23CD100CCC92B /* RxBlocking-Dynamic */; };
		BC8EDCCC2DE23CD100CCC92B /* RxCocoa-Dynamic in Frameworks */ = {isa = PBXBuildFile; productRef = BC8EDCCB2DE23CD100CCC92B /* RxCocoa-Dynamic */; };
		BCD901FD2DE1C148005744D6 /* EndPoint.swift in Sources */ = {isa = PBXBuildFile; fileRef = BCD901FC2DE1C144005744D6 /* EndPoint.swift */; };
		BCD901FF2DE1C411005744D6 /* HttpMethod.swift in Sources */ = {isa = PBXBuildFile; fileRef = BCD901FE2DE1C411005744D6 /* HttpMethod.swift */; };
		BCD902012DE1C473005744D6 /* RikmastersNetworkService.swift in Sources */ = {isa = PBXBuildFile; fileRef = BCD902002DE1C44D005744D6 /* RikmastersNetworkService.swift */; };
		BCD902052DE1D80F005744D6 /* ServiceError.swift in Sources */ = {isa = PBXBuildFile; fileRef = BCD902042DE1D80F005744D6 /* ServiceError.swift */; };
		BCD9020B2DE1DF57005744D6 /* UserRLM.swift in Sources */ = {isa = PBXBuildFile; fileRef = BCD9020A2DE1DF54005744D6 /* UserRLM.swift */; };
		BCD9020D2DE1E22B005744D6 /* UserFileRLM.swift in Sources */ = {isa = PBXBuildFile; fileRef = BCD9020C2DE1E22B005744D6 /* UserFileRLM.swift */; };
		BCD9020F2DE1E618005744D6 /* Достижения.swift in Sources */ = {isa = PBXBuildFile; fileRef = BCD9020E2DE1E607005744D6 /* Достижения.swift */; };
		BCD902122DE1E8F6005744D6 /* UserListDTO.swift in Sources */ = {isa = PBXBuildFile; fileRef = BCD902112DE1E8F3005744D6 /* UserListDTO.swift */; };
/* End PBXBuildFile section */

/* Begin PBXCopyFilesBuildPhase section */
		BC3F6EFB2DE19B6500580363 /* Embed Frameworks */ = {
			isa = PBXCopyFilesBuildPhase;
			buildActionMask = 2147483647;
			dstPath = "";
			dstSubfolderSpec = 10;
			files = (
				BC3F6F022DE19E3E00580363 /* RealmSwift in Embed Frameworks */,
				BC0D63682DE32D3A007B1544 /* RxCocoa-Dynamic in Embed Frameworks */,
				BC3F6EFA2DE19B6500580363 /* DGChartsDynamic in Embed Frameworks */,
				BC0D63692DE32D3B007B1544 /* RxBlocking-Dynamic in Embed Frameworks */,
			);
			name = "Embed Frameworks";
			runOnlyForDeploymentPostprocessing = 0;
		};
/* End PBXCopyFilesBuildPhase section */

/* Begin PBXFileReference section */
		BC0D636A2DE33A46007B1544 /* ServiceOperation.swift */ = {isa = PBXFileReference; lastKnownFileType = sourcecode.swift; path = ServiceOperation.swift; sourceTree = "<group>"; };
		BC0D636D2DE34331007B1544 /* UsersViewModel.swift */ = {isa = PBXFileReference; lastKnownFileType = sourcecode.swift; path = UsersViewModel.swift; sourceTree = "<group>"; };
		BC0D636F2DE34374007B1544 /* StatisticsViewModel.swift */ = {isa = PBXFileReference; lastKnownFileType = sourcecode.swift; path = StatisticsViewModel.swift; sourceTree = "<group>"; };
		BC0D63722DE346A9007B1544 /* HomeViewModel.swift */ = {isa = PBXFileReference; lastKnownFileType = sourcecode.swift; path = HomeViewModel.swift; sourceTree = "<group>"; };
		BC0D63752DE38B97007B1544 /* CustomTitleLabel.swift */ = {isa = PBXFileReference; lastKnownFileType = sourcecode.swift; path = CustomTitleLabel.swift; sourceTree = "<group>"; };
		BC0D63792DE38BF0007B1544 /* UIFont.swift */ = {isa = PBXFileReference; lastKnownFileType = sourcecode.swift; path = UIFont.swift; sourceTree = "<group>"; };
		BC0D637C2DE38F57007B1544 /* VisitorsSection.swift */ = {isa = PBXFileReference; lastKnownFileType = sourcecode.swift; path = VisitorsSection.swift; sourceTree = "<group>"; };
		BC0D637E2DE407D9007B1544 /* StatsView.swift */ = {isa = PBXFileReference; lastKnownFileType = sourcecode.swift; path = StatsView.swift; sourceTree = "<group>"; };
		BC0D63802DE41D26007B1544 /* CGFloat.swift */ = {isa = PBXFileReference; lastKnownFileType = sourcecode.swift; path = CGFloat.swift; sourceTree = "<group>"; };
		BC0D63822DE439FE007B1544 /* TagButton.swift */ = {isa = PBXFileReference; lastKnownFileType = sourcecode.swift; path = TagButton.swift; sourceTree = "<group>"; };
		BC0D63842DE43A17007B1544 /* TagsScrollView.swift */ = {isa = PBXFileReference; lastKnownFileType = sourcecode.swift; path = TagsScrollView.swift; sourceTree = "<group>"; };
		BC0D63862DE44E2A007B1544 /* ActivityTrendChartView.swift */ = {isa = PBXFileReference; lastKnownFileType = sourcecode.swift; path = ActivityTrendChartView.swift; sourceTree = "<group>"; };
		BC0D63882DE46E0B007B1544 /* ChartDateFormatter.swift */ = {isa = PBXFileReference; lastKnownFileType = sourcecode.swift; path = ChartDateFormatter.swift; sourceTree = "<group>"; };
		BC0D638A2DE46E22007B1544 /* ChartData.swift */ = {isa = PBXFileReference; lastKnownFileType = sourcecode.swift; path = ChartData.swift; sourceTree = "<group>"; };
		BC0D638D2DE473F8007B1544 /* AvatarImageView.swift */ = {isa = PBXFileReference; lastKnownFileType = sourcecode.swift; path = AvatarImageView.swift; sourceTree = "<group>"; };
		BC0D638F2DE474E4007B1544 /* UserCell.swift */ = {isa = PBXFileReference; lastKnownFileType = sourcecode.swift; path = UserCell.swift; sourceTree = "<group>"; };
		BC0D63912DE4782D007B1544 /* FrequentVisitorsSection.swift */ = {isa = PBXFileReference; lastKnownFileType = sourcecode.swift; path = FrequentVisitorsSection.swift; sourceTree = "<group>"; };
		BC0D63932DE495EA007B1544 /* DemographicSection.swift */ = {isa = PBXFileReference; lastKnownFileType = sourcecode.swift; path = DemographicSection.swift; sourceTree = "<group>"; };
		BC0D63962DE49908007B1544 /* GenderPieChartView.swift */ = {isa = PBXFileReference; lastKnownFileType = sourcecode.swift; path = GenderPieChartView.swift; sourceTree = "<group>"; };
		BC0D63992DE4BEB9007B1544 /* DemographicChartView.swift */ = {isa = PBXFileReference; lastKnownFileType = sourcecode.swift; path = DemographicChartView.swift; sourceTree = "<group>"; };
		BC0D639B2DE4DF7E007B1544 /* HorizontalProgressView.swift */ = {isa = PBXFileReference; lastKnownFileType = sourcecode.swift; path = HorizontalProgressView.swift; sourceTree = "<group>"; };
		BC0D639D2DE5B842007B1544 /* DemographicStats.swift */ = {isa = PBXFileReference; lastKnownFileType = sourcecode.swift; path = DemographicStats.swift; sourceTree = "<group>"; };
		BC0D639F2DE5E96C007B1544 /* SubscribersSection.swift */ = {isa = PBXFileReference; lastKnownFileType = sourcecode.swift; path = SubscribersSection.swift; sourceTree = "<group>"; };
		BC0D63A12DE60E78007B1544 /* Sex.swift */ = {isa = PBXFileReference; lastKnownFileType = sourcecode.swift; path = Sex.swift; sourceTree = "<group>"; };
		BC0D63A32DE6FF19007B1544 /* ImageNetworkService.swift */ = {isa = PBXFileReference; lastKnownFileType = sourcecode.swift; path = ImageNetworkService.swift; sourceTree = "<group>"; };
		BC0D63A52DE70F8B007B1544 /* Error.swift */ = {isa = PBXFileReference; lastKnownFileType = sourcecode.swift; path = Error.swift; sourceTree = "<group>"; };
		BC0D63A72DE7274B007B1544 /* GendersValue.swift */ = {isa = PBXFileReference; lastKnownFileType = sourcecode.swift; path = GendersValue.swift; sourceTree = "<group>"; };
		BC0D63A92DE72762007B1544 /* Grade.swift */ = {isa = PBXFileReference; lastKnownFileType = sourcecode.swift; path = Grade.swift; sourceTree = "<group>"; };
		BC0D63AB2DE78157007B1544 /* UserDTO.swift */ = {isa = PBXFileReference; lastKnownFileType = sourcecode.swift; path = UserDTO.swift; sourceTree = "<group>"; };
		BC0D63AD2DE78232007B1544 /* StatisticType.swift */ = {isa = PBXFileReference; lastKnownFileType = sourcecode.swift; path = StatisticType.swift; sourceTree = "<group>"; };
		BC0D63AF2DE78289007B1544 /* UserStatDTO.swift */ = {isa = PBXFileReference; lastKnownFileType = sourcecode.swift; path = UserStatDTO.swift; sourceTree = "<group>"; };
		BC0D63B42DE78401007B1544 /* UserFileDTO.swift */ = {isa = PBXFileReference; lastKnownFileType = sourcecode.swift; path = UserFileDTO.swift; sourceTree = "<group>"; };
		BC3F6ECC2DE191D500580363 /* Statistic.app */ = {isa = PBXFileReference; explicitFileType = wrapper.application; includeInIndex = 0; path = Statistic.app; sourceTree = BUILT_PRODUCTS_DIR; };
		BC3F6EE42DE191E200580363 /* AppDelegate.swift */ = {isa = PBXFileReference; lastKnownFileType = sourcecode.swift; path = AppDelegate.swift; sourceTree = "<group>"; };
		BC3F6EE52DE191E200580363 /* Assets.xcassets */ = {isa = PBXFileReference; lastKnownFileType = folder.assetcatalog; path = Assets.xcassets; sourceTree = "<group>"; };
		BC3F6EE62DE191E200580363 /* Info.plist */ = {isa = PBXFileReference; lastKnownFileType = text.plist.xml; path = Info.plist; sourceTree = "<group>"; };
		BC3F6EE72DE191E200580363 /* Base */ = {isa = PBXFileReference; lastKnownFileType = file.storyboard; name = Base; path = Base.lproj/LaunchScreen.storyboard; sourceTree = "<group>"; };
		BC3F6EEB2DE191E200580363 /* SceneDelegate.swift */ = {isa = PBXFileReference; lastKnownFileType = sourcecode.swift; path = SceneDelegate.swift; sourceTree = "<group>"; };
		BC3F6EEC2DE191E200580363 /* HomeViewController.swift */ = {isa = PBXFileReference; lastKnownFileType = sourcecode.swift; path = HomeViewController.swift; sourceTree = "<group>"; };
		BC8EDCB72DE1F87200CCC92B /* StatListDTO.swift */ = {isa = PBXFileReference; lastKnownFileType = sourcecode.swift; path = StatListDTO.swift; sourceTree = "<group>"; };
		BC8EDCB92DE1F8BE00CCC92B /* UserStatRLM.swift */ = {isa = PBXFileReference; lastKnownFileType = sourcecode.swift; path = UserStatRLM.swift; sourceTree = "<group>"; };
		BC8EDCBE2DE216BE00CCC92B /* UsersRealmService.swift */ = {isa = PBXFileReference; lastKnownFileType = sourcecode.swift; path = UsersRealmService.swift; sourceTree = "<group>"; };
		BC8EDCC22DE238E900CCC92B /* StatisticsRealmService.swift */ = {isa = PBXFileReference; lastKnownFileType = sourcecode.swift; path = StatisticsRealmService.swift; sourceTree = "<group>"; };
		BCD901FC2DE1C144005744D6 /* EndPoint.swift */ = {isa = PBXFileReference; lastKnownFileType = sourcecode.swift; path = EndPoint.swift; sourceTree = "<group>"; };
		BCD901FE2DE1C411005744D6 /* HttpMethod.swift */ = {isa = PBXFileReference; lastKnownFileType = sourcecode.swift; path = HttpMethod.swift; sourceTree = "<group>"; };
		BCD902002DE1C44D005744D6 /* RikmastersNetworkService.swift */ = {isa = PBXFileReference; lastKnownFileType = sourcecode.swift; path = RikmastersNetworkService.swift; sourceTree = "<group>"; };
		BCD902042DE1D80F005744D6 /* ServiceError.swift */ = {isa = PBXFileReference; lastKnownFileType = sourcecode.swift; path = ServiceError.swift; sourceTree = "<group>"; };
		BCD9020A2DE1DF54005744D6 /* UserRLM.swift */ = {isa = PBXFileReference; lastKnownFileType = sourcecode.swift; path = UserRLM.swift; sourceTree = "<group>"; };
		BCD9020C2DE1E22B005744D6 /* UserFileRLM.swift */ = {isa = PBXFileReference; lastKnownFileType = sourcecode.swift; path = UserFileRLM.swift; sourceTree = "<group>"; };
		BCD9020E2DE1E607005744D6 /* Достижения.swift */ = {isa = PBXFileReference; lastKnownFileType = sourcecode.swift; path = "Достижения.swift"; sourceTree = "<group>"; };
		BCD902112DE1E8F3005744D6 /* UserListDTO.swift */ = {isa = PBXFileReference; lastKnownFileType = sourcecode.swift; path = UserListDTO.swift; sourceTree = "<group>"; };
/* End PBXFileReference section */

/* Begin PBXFrameworksBuildPhase section */
		BC3F6EC92DE191D500580363 /* Frameworks */ = {
			isa = PBXFrameworksBuildPhase;
			buildActionMask = 2147483647;
			files = (
				BC3F6F002DE19E2900580363 /* RealmSwift in Frameworks */,
				BC3F6EF92DE1998800580363 /* DGChartsDynamic in Frameworks */,
				BC8EDCCC2DE23CD100CCC92B /* RxCocoa-Dynamic in Frameworks */,
				BC8EDCC82DE23CD100CCC92B /* RxBlocking-Dynamic in Frameworks */,
			);
			runOnlyForDeploymentPostprocessing = 0;
		};
/* End PBXFrameworksBuildPhase section */

/* Begin PBXGroup section */
		BC0D636C2DE34326007B1544 /* ViewModels */ = {
			isa = PBXGroup;
			children = (
				BC0D636F2DE34374007B1544 /* StatisticsViewModel.swift */,
				BC0D636D2DE34331007B1544 /* UsersViewModel.swift */,
			);
			path = ViewModels;
			sourceTree = "<group>";
		};
		BC0D63712DE34673007B1544 /* HomeController */ = {
			isa = PBXGroup;
			children = (
				BC0D63722DE346A9007B1544 /* HomeViewModel.swift */,
				BC3F6EEC2DE191E200580363 /* HomeViewController.swift */,
				BC0D637B2DE38F4B007B1544 /* Sections */,
			);
			path = HomeController;
			sourceTree = "<group>";
		};
		BC0D63742DE38B88007B1544 /* CustomViews */ = {
			isa = PBXGroup;
			children = (
				BC0D63822DE439FE007B1544 /* TagButton.swift */,
				BC0D63842DE43A17007B1544 /* TagsScrollView.swift */,
				BC0D63752DE38B97007B1544 /* CustomTitleLabel.swift */,
				BC0D63952DE498F5007B1544 /* Charts */,
				BC0D638C2DE473EE007B1544 /* TableCell */,
			);
			path = CustomViews;
			sourceTree = "<group>";
		};
		BC0D63772DE38BCC007B1544 /* Enums */ = {
			isa = PBXGroup;
			children = (
				BC0D63A92DE72762007B1544 /* Grade.swift */,
				BC0D63A12DE60E78007B1544 /* Sex.swift */,
				BC0D63AD2DE78232007B1544 /* StatisticType.swift */,
				BC0D636A2DE33A46007B1544 /* ServiceOperation.swift */,
				BCD902042DE1D80F005744D6 /* ServiceError.swift */,
			);
			path = Enums;
			sourceTree = "<group>";
		};
		BC0D63782DE38BE8007B1544 /* Extensions */ = {
			isa = PBXGroup;
			children = (
				BC0D63A52DE70F8B007B1544 /* Error.swift */,
				BC0D63802DE41D26007B1544 /* CGFloat.swift */,
				BC0D63792DE38BF0007B1544 /* UIFont.swift */,
			);
			path = Extensions;
			sourceTree = "<group>";
		};
		BC0D637B2DE38F4B007B1544 /* Sections */ = {
			isa = PBXGroup;
			children = (
				BC0D637C2DE38F57007B1544 /* VisitorsSection.swift */,
				BC0D63912DE4782D007B1544 /* FrequentVisitorsSection.swift */,
				BC0D63932DE495EA007B1544 /* DemographicSection.swift */,
				BC0D639F2DE5E96C007B1544 /* SubscribersSection.swift */,
			);
			path = Sections;
			sourceTree = "<group>";
		};
		BC0D638C2DE473EE007B1544 /* TableCell */ = {
			isa = PBXGroup;
			children = (
				BC0D638F2DE474E4007B1544 /* UserCell.swift */,
				BC0D638D2DE473F8007B1544 /* AvatarImageView.swift */,
			);
			path = TableCell;
			sourceTree = "<group>";
		};
		BC0D63952DE498F5007B1544 /* Charts */ = {
			isa = PBXGroup;
			children = (
				BC0D639D2DE5B842007B1544 /* DemographicStats.swift */,
				BC0D63992DE4BEB9007B1544 /* DemographicChartView.swift */,
				BC0D639B2DE4DF7E007B1544 /* HorizontalProgressView.swift */,
				BC0D63962DE49908007B1544 /* GenderPieChartView.swift */,
				BC0D63862DE44E2A007B1544 /* ActivityTrendChartView.swift */,
				BC0D637E2DE407D9007B1544 /* StatsView.swift */,
			);
			path = Charts;
			sourceTree = "<group>";
		};
		BC0D63B12DE782EC007B1544 /* UserStat */ = {
			isa = PBXGroup;
			children = (
				BC8EDCB92DE1F8BE00CCC92B /* UserStatRLM.swift */,
				BC0D63AF2DE78289007B1544 /* UserStatDTO.swift */,
			);
			path = UserStat;
			sourceTree = "<group>";
		};
		BC0D63B22DE7833B007B1544 /* User */ = {
			isa = PBXGroup;
			children = (
				BCD9020A2DE1DF54005744D6 /* UserRLM.swift */,
				BC0D63AB2DE78157007B1544 /* UserDTO.swift */,
			);
			path = User;
			sourceTree = "<group>";
		};
		BC0D63B32DE783F9007B1544 /* UserFile */ = {
			isa = PBXGroup;
			children = (
				BCD9020C2DE1E22B005744D6 /* UserFileRLM.swift */,
				BC0D63B42DE78401007B1544 /* UserFileDTO.swift */,
			);
			path = UserFile;
			sourceTree = "<group>";
		};
		BC3F6EC32DE191D500580363 = {
			isa = PBXGroup;
			children = (
				BC3F6EED2DE191E200580363 /* Statistic */,
				BC3F6ECD2DE191D500580363 /* Products */,
			);
			sourceTree = "<group>";
		};
		BC3F6ECD2DE191D500580363 /* Products */ = {
			isa = PBXGroup;
			children = (
				BC3F6ECC2DE191D500580363 /* Statistic.app */,
			);
			name = Products;
			sourceTree = "<group>";
		};
		BC3F6EED2DE191E200580363 /* Statistic */ = {
			isa = PBXGroup;
			children = (
				BCD9020E2DE1E607005744D6 /* Достижения.swift */,
				BCD902102DE1E869005744D6 /* Helpers */,
				BCD902092DE1DF05005744D6 /* Models */,
				BCD901FA2DE1C128005744D6 /* Services */,
				BC0D63742DE38B88007B1544 /* CustomViews */,
				BC8EDCBB2DE1F97700CCC92B /* Screens */,
				BC3F6EE42DE191E200580363 /* AppDelegate.swift */,
				BC3F6EEB2DE191E200580363 /* SceneDelegate.swift */,
				BC3F6EE52DE191E200580363 /* Assets.xcassets */,
				BC3F6EE62DE191E200580363 /* Info.plist */,
				BC3F6EE82DE191E200580363 /* LaunchScreen.storyboard */,
			);
			path = Statistic;
			sourceTree = "<group>";
		};
		BC8EDCB52DE1F84100CCC92B /* User */ = {
			isa = PBXGroup;
			children = (
				BCD902112DE1E8F3005744D6 /* UserListDTO.swift */,
				BC0D63B22DE7833B007B1544 /* User */,
				BC0D63B32DE783F9007B1544 /* UserFile */,
			);
			path = User;
			sourceTree = "<group>";
		};
		BC8EDCB62DE1F84C00CCC92B /* Statistic */ = {
			isa = PBXGroup;
			children = (
				BC8EDCB72DE1F87200CCC92B /* StatListDTO.swift */,
				BC0D63B12DE782EC007B1544 /* UserStat */,
			);
			path = Statistic;
			sourceTree = "<group>";
		};
		BC8EDCBB2DE1F97700CCC92B /* Screens */ = {
			isa = PBXGroup;
			children = (
				BC0D63712DE34673007B1544 /* HomeController */,
			);
			path = Screens;
			sourceTree = "<group>";
		};
		BC8EDCBC2DE1FA3C00CCC92B /* RealmService */ = {
			isa = PBXGroup;
			children = (
				BC8EDCC22DE238E900CCC92B /* StatisticsRealmService.swift */,
				BC8EDCBE2DE216BE00CCC92B /* UsersRealmService.swift */,
			);
			path = RealmService;
			sourceTree = "<group>";
		};
		BC8EDCBD2DE1FA4900CCC92B /* NetworkService */ = {
			isa = PBXGroup;
			children = (
				BC0D63A32DE6FF19007B1544 /* ImageNetworkService.swift */,
				BCD902002DE1C44D005744D6 /* RikmastersNetworkService.swift */,
				BCD901FB2DE1C138005744D6 /* RequestModels */,
			);
			path = NetworkService;
			sourceTree = "<group>";
		};
		BCD901FA2DE1C128005744D6 /* Services */ = {
			isa = PBXGroup;
			children = (
				BC0D63882DE46E0B007B1544 /* ChartDateFormatter.swift */,
				BC0D636C2DE34326007B1544 /* ViewModels */,
				BC8EDCBC2DE1FA3C00CCC92B /* RealmService */,
				BC8EDCBD2DE1FA4900CCC92B /* NetworkService */,
			);
			path = Services;
			sourceTree = "<group>";
		};
		BCD901FB2DE1C138005744D6 /* RequestModels */ = {
			isa = PBXGroup;
			children = (
				BCD901FC2DE1C144005744D6 /* EndPoint.swift */,
				BCD901FE2DE1C411005744D6 /* HttpMethod.swift */,
			);
			path = RequestModels;
			sourceTree = "<group>";
		};
		BCD902092DE1DF05005744D6 /* Models */ = {
			isa = PBXGroup;
			children = (
				BC0D63A72DE7274B007B1544 /* GendersValue.swift */,
				BC0D638A2DE46E22007B1544 /* ChartData.swift */,
				BC0D63772DE38BCC007B1544 /* Enums */,
				BC8EDCB62DE1F84C00CCC92B /* Statistic */,
				BC8EDCB52DE1F84100CCC92B /* User */,
			);
			path = Models;
			sourceTree = "<group>";
		};
		BCD902102DE1E869005744D6 /* Helpers */ = {
			isa = PBXGroup;
			children = (
				BC0D63782DE38BE8007B1544 /* Extensions */,
			);
			path = Helpers;
			sourceTree = "<group>";
		};
/* End PBXGroup section */

/* Begin PBXNativeTarget section */
		BC3F6ECB2DE191D500580363 /* Statistic */ = {
			isa = PBXNativeTarget;
			buildConfigurationList = BC3F6EDF2DE191D700580363 /* Build configuration list for PBXNativeTarget "Statistic" */;
			buildPhases = (
				BC3F6EC82DE191D500580363 /* Sources */,
				BC3F6EC92DE191D500580363 /* Frameworks */,
				BC3F6ECA2DE191D500580363 /* Resources */,
				BC3F6EFB2DE19B6500580363 /* Embed Frameworks */,
			);
			buildRules = (
			);
			dependencies = (
			);
			name = Statistic;
			packageProductDependencies = (
				BC3F6EF82DE1998800580363 /* DGChartsDynamic */,
				BC3F6EFF2DE19E2900580363 /* RealmSwift */,
				BC8EDCC72DE23CD100CCC92B /* RxBlocking-Dynamic */,
				BC8EDCCB2DE23CD100CCC92B /* RxCocoa-Dynamic */,
			);
			productName = Statistic;
			productReference = BC3F6ECC2DE191D500580363 /* Statistic.app */;
			productType = "com.apple.product-type.application";
		};
/* End PBXNativeTarget section */

/* Begin PBXProject section */
		BC3F6EC42DE191D500580363 /* Project object */ = {
			isa = PBXProject;
			attributes = {
				BuildIndependentTargetsInParallel = 1;
				LastSwiftUpdateCheck = 1630;
				LastUpgradeCheck = 1630;
				TargetAttributes = {
					BC3F6ECB2DE191D500580363 = {
						CreatedOnToolsVersion = 16.3;
					};
				};
			};
			buildConfigurationList = BC3F6EC72DE191D500580363 /* Build configuration list for PBXProject "Statistic" */;
			developmentRegion = en;
			hasScannedForEncodings = 0;
			knownRegions = (
				en,
				Base,
			);
			mainGroup = BC3F6EC32DE191D500580363;
			minimizedProjectReferenceProxies = 1;
			packageReferences = (
				BC3F6EF52DE1998800580363 /* XCRemoteSwiftPackageReference "Charts" */,
				BC3F6EFC2DE19E2900580363 /* XCRemoteSwiftPackageReference "realm-swift" */,
				BC8EDCC42DE23CD100CCC92B /* XCRemoteSwiftPackageReference "RxSwift" */,
			);
			preferredProjectObjectVersion = 77;
			productRefGroup = BC3F6ECD2DE191D500580363 /* Products */;
			projectDirPath = "";
			projectRoot = "";
			targets = (
				BC3F6ECB2DE191D500580363 /* Statistic */,
			);
		};
/* End PBXProject section */

/* Begin PBXResourcesBuildPhase section */
		BC3F6ECA2DE191D500580363 /* Resources */ = {
			isa = PBXResourcesBuildPhase;
			buildActionMask = 2147483647;
			files = (
				BC3F6EF12DE191E200580363 /* Assets.xcassets in Resources */,
				BC3F6EF32DE191E200580363 /* LaunchScreen.storyboard in Resources */,
			);
			runOnlyForDeploymentPostprocessing = 0;
		};
/* End PBXResourcesBuildPhase section */

/* Begin PBXSourcesBuildPhase section */
		BC3F6EC82DE191D500580363 /* Sources */ = {
			isa = PBXSourcesBuildPhase;
			buildActionMask = 2147483647;
			files = (
				BC0D63A42DE6FF27007B1544 /* ImageNetworkService.swift in Sources */,
				BC0D636B2DE33A46007B1544 /* ServiceOperation.swift in Sources */,
				BCD902052DE1D80F005744D6 /* ServiceError.swift in Sources */,
				BC0D63A02DE5E972007B1544 /* SubscribersSection.swift in Sources */,
				BC3F6EEE2DE191E200580363 /* AppDelegate.swift in Sources */,
				BC0D637A2DE38BF7007B1544 /* UIFont.swift in Sources */,
				BC0D63702DE34374007B1544 /* StatisticsViewModel.swift in Sources */,
				BC0D636E2DE34331007B1544 /* UsersViewModel.swift in Sources */,
				BC0D63A22DE60E78007B1544 /* Sex.swift in Sources */,
				BC0D63A62DE70F8E007B1544 /* Error.swift in Sources */,
				BC8EDCC32DE238E900CCC92B /* StatisticsRealmService.swift in Sources */,
				BCD9020F2DE1E618005744D6 /* Достижения.swift in Sources */,
				BC0D63832DE439FE007B1544 /* TagButton.swift in Sources */,
				BC0D63AE2DE78232007B1544 /* StatisticType.swift in Sources */,
				BC0D63942DE495ED007B1544 /* DemographicSection.swift in Sources */,
				BC3F6EEF2DE191E200580363 /* SceneDelegate.swift in Sources */,
				BCD901FF2DE1C411005744D6 /* HttpMethod.swift in Sources */,
				BC0D639C2DE4DF7E007B1544 /* HorizontalProgressView.swift in Sources */,
				BC8EDCBA2DE1F8BE00CCC92B /* UserStatRLM.swift in Sources */,
				BC0D638E2DE473F8007B1544 /* AvatarImageView.swift in Sources */,
				BCD901FD2DE1C148005744D6 /* EndPoint.swift in Sources */,
				BC0D63A82DE7274B007B1544 /* GendersValue.swift in Sources */,
				BC0D63892DE46E0B007B1544 /* ChartDateFormatter.swift in Sources */,
				BC0D639E2DE5B864007B1544 /* DemographicStats.swift in Sources */,
				BCD902012DE1C473005744D6 /* RikmastersNetworkService.swift in Sources */,
				BC0D638B2DE46E22007B1544 /* ChartData.swift in Sources */,
				BC0D63852DE43A17007B1544 /* TagsScrollView.swift in Sources */,
				BC0D63902DE474E4007B1544 /* UserCell.swift in Sources */,
				BCD902122DE1E8F6005744D6 /* UserListDTO.swift in Sources */,
				BC0D637F2DE407D9007B1544 /* StatsView.swift in Sources */,
				BC0D639A2DE4BEB9007B1544 /* DemographicChartView.swift in Sources */,
				BC0D63B02DE78289007B1544 /* UserStatDTO.swift in Sources */,
				BC0D637D2DE38F57007B1544 /* VisitorsSection.swift in Sources */,
				BC0D63B52DE78401007B1544 /* UserFileDTO.swift in Sources */,
				BCD9020B2DE1DF57005744D6 /* UserRLM.swift in Sources */,
				BC0D63AC2DE78157007B1544 /* UserDTO.swift in Sources */,
				BC0D63732DE346AF007B1544 /* HomeViewModel.swift in Sources */,
				BCD9020D2DE1E22B005744D6 /* UserFileRLM.swift in Sources */,
				BC0D63762DE38B97007B1544 /* CustomTitleLabel.swift in Sources */,
				BC0D63812DE41D2B007B1544 /* CGFloat.swift in Sources */,
				BC0D63872DE44E2A007B1544 /* ActivityTrendChartView.swift in Sources */,
				BC0D63922DE4782D007B1544 /* FrequentVisitorsSection.swift in Sources */,
				BC8EDCBF2DE216BE00CCC92B /* UsersRealmService.swift in Sources */,
				BC3F6EF02DE191E200580363 /* HomeViewController.swift in Sources */,
				BC0D63AA2DE72762007B1544 /* Grade.swift in Sources */,
				BC8EDCB82DE1F87200CCC92B /* StatListDTO.swift in Sources */,
				BC0D63972DE49908007B1544 /* GenderPieChartView.swift in Sources */,
			);
			runOnlyForDeploymentPostprocessing = 0;
		};
/* End PBXSourcesBuildPhase section */

/* Begin PBXVariantGroup section */
		BC3F6EE82DE191E200580363 /* LaunchScreen.storyboard */ = {
			isa = PBXVariantGroup;
			children = (
				BC3F6EE72DE191E200580363 /* Base */,
			);
			name = LaunchScreen.storyboard;
			sourceTree = "<group>";
		};
/* End PBXVariantGroup section */

/* Begin XCBuildConfiguration section */
		BC3F6EE02DE191D700580363 /* Debug */ = {
			isa = XCBuildConfiguration;
			buildSettings = {
				ASSETCATALOG_COMPILER_APPICON_NAME = AppIcon;
				ASSETCATALOG_COMPILER_GLOBAL_ACCENT_COLOR_NAME = AccentColor;
				CODE_SIGN_STYLE = Automatic;
				CURRENT_PROJECT_VERSION = 1;
				DEVELOPMENT_TEAM = 8V4HQNY692;
				GENERATE_INFOPLIST_FILE = YES;
				INFOPLIST_FILE = Statistic/Info.plist;
				INFOPLIST_KEY_UIApplicationSupportsIndirectInputEvents = YES;
				INFOPLIST_KEY_UILaunchStoryboardName = LaunchScreen;
				INFOPLIST_KEY_UISupportedInterfaceOrientations = UIInterfaceOrientationPortrait;
				INFOPLIST_KEY_UISupportedInterfaceOrientations_iPad = "UIInterfaceOrientationLandscapeLeft UIInterfaceOrientationLandscapeRight UIInterfaceOrientationPortrait UIInterfaceOrientationPortraitUpsideDown";
				LD_RUNPATH_SEARCH_PATHS = (
					"$(inherited)",
					"@executable_path/Frameworks",
				);
				MARKETING_VERSION = 1.0;
				PRODUCT_BUNDLE_IDENTIFIER = ru.practicum.Timurkaev.Statistic;
				PRODUCT_NAME = "$(TARGET_NAME)";
				SUPPORTED_PLATFORMS = "iphoneos iphonesimulator";
				SUPPORTS_MACCATALYST = NO;
				SUPPORTS_MAC_DESIGNED_FOR_IPHONE_IPAD = NO;
				SUPPORTS_XR_DESIGNED_FOR_IPHONE_IPAD = NO;
				SWIFT_EMIT_LOC_STRINGS = YES;
				SWIFT_VERSION = 5.0;
				TARGETED_DEVICE_FAMILY = 1;
			};
			name = Debug;
		};
		BC3F6EE12DE191D700580363 /* Release */ = {
			isa = XCBuildConfiguration;
			buildSettings = {
				ASSETCATALOG_COMPILER_APPICON_NAME = AppIcon;
				ASSETCATALOG_COMPILER_GLOBAL_ACCENT_COLOR_NAME = AccentColor;
				CODE_SIGN_STYLE = Automatic;
				CURRENT_PROJECT_VERSION = 1;
				DEVELOPMENT_TEAM = 8V4HQNY692;
				GENERATE_INFOPLIST_FILE = YES;
				INFOPLIST_FILE = Statistic/Info.plist;
				INFOPLIST_KEY_UIApplicationSupportsIndirectInputEvents = YES;
				INFOPLIST_KEY_UILaunchStoryboardName = LaunchScreen;
				INFOPLIST_KEY_UISupportedInterfaceOrientations = UIInterfaceOrientationPortrait;
				INFOPLIST_KEY_UISupportedInterfaceOrientations_iPad = "UIInterfaceOrientationLandscapeLeft UIInterfaceOrientationLandscapeRight UIInterfaceOrientationPortrait UIInterfaceOrientationPortraitUpsideDown";
				LD_RUNPATH_SEARCH_PATHS = (
					"$(inherited)",
					"@executable_path/Frameworks",
				);
				MARKETING_VERSION = 1.0;
				PRODUCT_BUNDLE_IDENTIFIER = ru.practicum.Timurkaev.Statistic;
				PRODUCT_NAME = "$(TARGET_NAME)";
				SUPPORTED_PLATFORMS = "iphoneos iphonesimulator";
				SUPPORTS_MACCATALYST = NO;
				SUPPORTS_MAC_DESIGNED_FOR_IPHONE_IPAD = NO;
				SUPPORTS_XR_DESIGNED_FOR_IPHONE_IPAD = NO;
				SWIFT_EMIT_LOC_STRINGS = YES;
				SWIFT_VERSION = 5.0;
				TARGETED_DEVICE_FAMILY = 1;
			};
			name = Release;
		};
		BC3F6EE22DE191D700580363 /* Debug */ = {
			isa = XCBuildConfiguration;
			buildSettings = {
				ALWAYS_SEARCH_USER_PATHS = NO;
				ASSETCATALOG_COMPILER_GENERATE_SWIFT_ASSET_SYMBOL_EXTENSIONS = YES;
				CLANG_ANALYZER_NONNULL = YES;
				CLANG_ANALYZER_NUMBER_OBJECT_CONVERSION = YES_AGGRESSIVE;
				CLANG_CXX_LANGUAGE_STANDARD = "gnu++20";
				CLANG_ENABLE_MODULES = YES;
				CLANG_ENABLE_OBJC_ARC = YES;
				CLANG_ENABLE_OBJC_WEAK = YES;
				CLANG_WARN_BLOCK_CAPTURE_AUTORELEASING = YES;
				CLANG_WARN_BOOL_CONVERSION = YES;
				CLANG_WARN_COMMA = YES;
				CLANG_WARN_CONSTANT_CONVERSION = YES;
				CLANG_WARN_DEPRECATED_OBJC_IMPLEMENTATIONS = YES;
				CLANG_WARN_DIRECT_OBJC_ISA_USAGE = YES_ERROR;
				CLANG_WARN_DOCUMENTATION_COMMENTS = YES;
				CLANG_WARN_EMPTY_BODY = YES;
				CLANG_WARN_ENUM_CONVERSION = YES;
				CLANG_WARN_INFINITE_RECURSION = YES;
				CLANG_WARN_INT_CONVERSION = YES;
				CLANG_WARN_NON_LITERAL_NULL_CONVERSION = YES;
				CLANG_WARN_OBJC_IMPLICIT_RETAIN_SELF = YES;
				CLANG_WARN_OBJC_LITERAL_CONVERSION = YES;
				CLANG_WARN_OBJC_ROOT_CLASS = YES_ERROR;
				CLANG_WARN_QUOTED_INCLUDE_IN_FRAMEWORK_HEADER = YES;
				CLANG_WARN_RANGE_LOOP_ANALYSIS = YES;
				CLANG_WARN_STRICT_PROTOTYPES = YES;
				CLANG_WARN_SUSPICIOUS_MOVE = YES;
				CLANG_WARN_UNGUARDED_AVAILABILITY = YES_AGGRESSIVE;
				CLANG_WARN_UNREACHABLE_CODE = YES;
				CLANG_WARN__DUPLICATE_METHOD_MATCH = YES;
				COPY_PHASE_STRIP = NO;
				DEBUG_INFORMATION_FORMAT = dwarf;
				DEVELOPMENT_TEAM = 8V4HQNY692;
				ENABLE_STRICT_OBJC_MSGSEND = YES;
				ENABLE_TESTABILITY = YES;
				ENABLE_USER_SCRIPT_SANDBOXING = YES;
				GCC_C_LANGUAGE_STANDARD = gnu17;
				GCC_DYNAMIC_NO_PIC = NO;
				GCC_NO_COMMON_BLOCKS = YES;
				GCC_OPTIMIZATION_LEVEL = 0;
				GCC_PREPROCESSOR_DEFINITIONS = (
					"DEBUG=1",
					"$(inherited)",
				);
				GCC_WARN_64_TO_32_BIT_CONVERSION = YES;
				GCC_WARN_ABOUT_RETURN_TYPE = YES_ERROR;
				GCC_WARN_UNDECLARED_SELECTOR = YES;
				GCC_WARN_UNINITIALIZED_AUTOS = YES_AGGRESSIVE;
				GCC_WARN_UNUSED_FUNCTION = YES;
				GCC_WARN_UNUSED_VARIABLE = YES;
				IPHONEOS_DEPLOYMENT_TARGET = 18.4;
				LOCALIZATION_PREFERS_STRING_CATALOGS = YES;
				MTL_ENABLE_DEBUG_INFO = INCLUDE_SOURCE;
				MTL_FAST_MATH = YES;
				ONLY_ACTIVE_ARCH = YES;
				SDKROOT = iphoneos;
				SWIFT_ACTIVE_COMPILATION_CONDITIONS = "DEBUG $(inherited)";
				SWIFT_OPTIMIZATION_LEVEL = "-Onone";
			};
			name = Debug;
		};
		BC3F6EE32DE191D700580363 /* Release */ = {
			isa = XCBuildConfiguration;
			buildSettings = {
				ALWAYS_SEARCH_USER_PATHS = NO;
				ASSETCATALOG_COMPILER_GENERATE_SWIFT_ASSET_SYMBOL_EXTENSIONS = YES;
				CLANG_ANALYZER_NONNULL = YES;
				CLANG_ANALYZER_NUMBER_OBJECT_CONVERSION = YES_AGGRESSIVE;
				CLANG_CXX_LANGUAGE_STANDARD = "gnu++20";
				CLANG_ENABLE_MODULES = YES;
				CLANG_ENABLE_OBJC_ARC = YES;
				CLANG_ENABLE_OBJC_WEAK = YES;
				CLANG_WARN_BLOCK_CAPTURE_AUTORELEASING = YES;
				CLANG_WARN_BOOL_CONVERSION = YES;
				CLANG_WARN_COMMA = YES;
				CLANG_WARN_CONSTANT_CONVERSION = YES;
				CLANG_WARN_DEPRECATED_OBJC_IMPLEMENTATIONS = YES;
				CLANG_WARN_DIRECT_OBJC_ISA_USAGE = YES_ERROR;
				CLANG_WARN_DOCUMENTATION_COMMENTS = YES;
				CLANG_WARN_EMPTY_BODY = YES;
				CLANG_WARN_ENUM_CONVERSION = YES;
				CLANG_WARN_INFINITE_RECURSION = YES;
				CLANG_WARN_INT_CONVERSION = YES;
				CLANG_WARN_NON_LITERAL_NULL_CONVERSION = YES;
				CLANG_WARN_OBJC_IMPLICIT_RETAIN_SELF = YES;
				CLANG_WARN_OBJC_LITERAL_CONVERSION = YES;
				CLANG_WARN_OBJC_ROOT_CLASS = YES_ERROR;
				CLANG_WARN_QUOTED_INCLUDE_IN_FRAMEWORK_HEADER = YES;
				CLANG_WARN_RANGE_LOOP_ANALYSIS = YES;
				CLANG_WARN_STRICT_PROTOTYPES = YES;
				CLANG_WARN_SUSPICIOUS_MOVE = YES;
				CLANG_WARN_UNGUARDED_AVAILABILITY = YES_AGGRESSIVE;
				CLANG_WARN_UNREACHABLE_CODE = YES;
				CLANG_WARN__DUPLICATE_METHOD_MATCH = YES;
				COPY_PHASE_STRIP = NO;
				DEBUG_INFORMATION_FORMAT = "dwarf-with-dsym";
				DEVELOPMENT_TEAM = 8V4HQNY692;
				ENABLE_NS_ASSERTIONS = NO;
				ENABLE_STRICT_OBJC_MSGSEND = YES;
				ENABLE_USER_SCRIPT_SANDBOXING = YES;
				GCC_C_LANGUAGE_STANDARD = gnu17;
				GCC_NO_COMMON_BLOCKS = YES;
				GCC_WARN_64_TO_32_BIT_CONVERSION = YES;
				GCC_WARN_ABOUT_RETURN_TYPE = YES_ERROR;
				GCC_WARN_UNDECLARED_SELECTOR = YES;
				GCC_WARN_UNINITIALIZED_AUTOS = YES_AGGRESSIVE;
				GCC_WARN_UNUSED_FUNCTION = YES;
				GCC_WARN_UNUSED_VARIABLE = YES;
				IPHONEOS_DEPLOYMENT_TARGET = 18.4;
				LOCALIZATION_PREFERS_STRING_CATALOGS = YES;
				MTL_ENABLE_DEBUG_INFO = NO;
				MTL_FAST_MATH = YES;
				SDKROOT = iphoneos;
				SWIFT_COMPILATION_MODE = wholemodule;
				VALIDATE_PRODUCT = YES;
			};
			name = Release;
		};
/* End XCBuildConfiguration section */

/* Begin XCConfigurationList section */
		BC3F6EC72DE191D500580363 /* Build configuration list for PBXProject "Statistic" */ = {
			isa = XCConfigurationList;
			buildConfigurations = (
				BC3F6EE22DE191D700580363 /* Debug */,
				BC3F6EE32DE191D700580363 /* Release */,
			);
			defaultConfigurationIsVisible = 0;
			defaultConfigurationName = Release;
		};
		BC3F6EDF2DE191D700580363 /* Build configuration list for PBXNativeTarget "Statistic" */ = {
			isa = XCConfigurationList;
			buildConfigurations = (
				BC3F6EE02DE191D700580363 /* Debug */,
				BC3F6EE12DE191D700580363 /* Release */,
			);
			defaultConfigurationIsVisible = 0;
			defaultConfigurationName = Release;
		};
/* End XCConfigurationList section */

/* Begin XCRemoteSwiftPackageReference section */
		BC3F6EF52DE1998800580363 /* XCRemoteSwiftPackageReference "Charts" */ = {
			isa = XCRemoteSwiftPackageReference;
			repositoryURL = "https://github.com/danielgindi/Charts.git";
			requirement = {
				kind = upToNextMajorVersion;
				minimumVersion = 5.1.0;
			};
		};
		BC3F6EFC2DE19E2900580363 /* XCRemoteSwiftPackageReference "realm-swift" */ = {
			isa = XCRemoteSwiftPackageReference;
			repositoryURL = "https://github.com/realm/realm-swift.git";
			requirement = {
				kind = upToNextMajorVersion;
				minimumVersion = 20.0.0;
			};
		};
		BC8EDCC42DE23CD100CCC92B /* XCRemoteSwiftPackageReference "RxSwift" */ = {
			isa = XCRemoteSwiftPackageReference;
			repositoryURL = "https://github.com/ReactiveX/RxSwift.git";
			requirement = {
				kind = upToNextMajorVersion;
				minimumVersion = 6.9.0;
			};
		};
/* End XCRemoteSwiftPackageReference section */

/* Begin XCSwiftPackageProductDependency section */
		BC3F6EF82DE1998800580363 /* DGChartsDynamic */ = {
			isa = XCSwiftPackageProductDependency;
			package = BC3F6EF52DE1998800580363 /* XCRemoteSwiftPackageReference "Charts" */;
			productName = DGChartsDynamic;
		};
		BC3F6EFF2DE19E2900580363 /* RealmSwift */ = {
			isa = XCSwiftPackageProductDependency;
			package = BC3F6EFC2DE19E2900580363 /* XCRemoteSwiftPackageReference "realm-swift" */;
			productName = RealmSwift;
		};
		BC8EDCC72DE23CD100CCC92B /* RxBlocking-Dynamic */ = {
			isa = XCSwiftPackageProductDependency;
			package = BC8EDCC42DE23CD100CCC92B /* XCRemoteSwiftPackageReference "RxSwift" */;
			productName = "RxBlocking-Dynamic";
		};
		BC8EDCCB2DE23CD100CCC92B /* RxCocoa-Dynamic */ = {
			isa = XCSwiftPackageProductDependency;
			package = BC8EDCC42DE23CD100CCC92B /* XCRemoteSwiftPackageReference "RxSwift" */;
			productName = "RxCocoa-Dynamic";
		};
/* End XCSwiftPackageProductDependency section */
	};
	rootObject = BC3F6EC42DE191D500580363 /* Project object */;
}
